// !$*UTF8*$!
{
	archiveVersion = 1;
	classes = {
	};
	objectVersion = 46;
	objects = {

/* Begin PBXBuildFile section */
		D629653D1C95A66F00569FBE /* main.m in Sources */ = {isa = PBXBuildFile; fileRef = D629653C1C95A66F00569FBE /* main.m */; };
		D62965401C95A66F00569FBE /* AppDelegate.m in Sources */ = {isa = PBXBuildFile; fileRef = D629653F1C95A66F00569FBE /* AppDelegate.m */; };
		D62965431C95A66F00569FBE /* ViewController.m in Sources */ = {isa = PBXBuildFile; fileRef = D62965421C95A66F00569FBE /* ViewController.m */; };
		D62965461C95A66F00569FBE /* Main.storyboard in Resources */ = {isa = PBXBuildFile; fileRef = D62965441C95A66F00569FBE /* Main.storyboard */; };
		D62965481C95A66F00569FBE /* Images.xcassets in Resources */ = {isa = PBXBuildFile; fileRef = D62965471C95A66F00569FBE /* Images.xcassets */; };
		D629654B1C95A66F00569FBE /* LaunchScreen.xib in Resources */ = {isa = PBXBuildFile; fileRef = D62965491C95A66F00569FBE /* LaunchScreen.xib */; };
		D62965571C95A66F00569FBE /* MCDemoTests.m in Sources */ = {isa = PBXBuildFile; fileRef = D62965561C95A66F00569FBE /* MCDemoTests.m */; };
/* End PBXBuildFile section */

/* Begin PBXContainerItemProxy section */
		D62965511C95A66F00569FBE /* PBXContainerItemProxy */ = {
			isa = PBXContainerItemProxy;
			containerPortal = D629652F1C95A66F00569FBE /* Project object */;
			proxyType = 1;
			remoteGlobalIDString = D62965361C95A66F00569FBE;
			remoteInfo = MCDemo;
		};
/* End PBXContainerItemProxy section */

/* Begin PBXFileReference section */
		D62965371C95A66F00569FBE /* MCDemo.app */ = {isa = PBXFileReference; explicitFileType = wrapper.application; includeInIndex = 0; path = MCDemo.app; sourceTree = BUILT_PRODUCTS_DIR; };
		D629653B1C95A66F00569FBE /* Info.plist */ = {isa = PBXFileReference; lastKnownFileType = text.plist.xml; path = Info.plist; sourceTree = "<group>"; };
		D629653C1C95A66F00569FBE /* main.m */ = {isa = PBXFileReference; lastKnownFileType = sourcecode.c.objc; path = main.m; sourceTree = "<group>"; };
		D629653E1C95A66F00569FBE /* AppDelegate.h */ = {isa = PBXFileReference; lastKnownFileType = sourcecode.c.h; path = AppDelegate.h; sourceTree = "<group>"; };
		D629653F1C95A66F00569FBE /* AppDelegate.m */ = {isa = PBXFileReference; lastKnownFileType = sourcecode.c.objc; path = AppDelegate.m; sourceTree = "<group>"; };
		D62965411C95A66F00569FBE /* ViewController.h */ = {isa = PBXFileReference; lastKnownFileType = sourcecode.c.h; path = ViewController.h; sourceTree = "<group>"; };
		D62965421C95A66F00569FBE /* ViewController.m */ = {isa = PBXFileReference; lastKnownFileType = sourcecode.c.objc; path = ViewController.m; sourceTree = "<group>"; };
		D62965451C95A66F00569FBE /* Base */ = {isa = PBXFileReference; lastKnownFileType = file.storyboard; name = Base; path = Base.lproj/Main.storyboard; sourceTree = "<group>"; };
		D62965471C95A66F00569FBE /* Images.xcassets */ = {isa = PBXFileReference; lastKnownFileType = folder.assetcatalog; path = Images.xcassets; sourceTree = "<group>"; };
		D629654A1C95A66F00569FBE /* Base */ = {isa = PBXFileReference; lastKnownFileType = file.xib; name = Base; path = Base.lproj/LaunchScreen.xib; sourceTree = "<group>"; };
		D62965501C95A66F00569FBE /* MCDemoTests.xctest */ = {isa = PBXFileReference; explicitFileType = wrapper.cfbundle; includeInIndex = 0; path = MCDemoTests.xctest; sourceTree = BUILT_PRODUCTS_DIR; };
		D62965551C95A66F00569FBE /* Info.plist */ = {isa = PBXFileReference; lastKnownFileType = text.plist.xml; path = Info.plist; sourceTree = "<group>"; };
		D62965561C95A66F00569FBE /* MCDemoTests.m */ = {isa = PBXFileReference; lastKnownFileType = sourcecode.c.objc; path = MCDemoTests.m; sourceTree = "<group>"; };
/* End PBXFileReference section */

/* Begin PBXFrameworksBuildPhase section */
		D62965341C95A66F00569FBE /* Frameworks */ = {
			isa = PBXFrameworksBuildPhase;
			buildActionMask = 2147483647;
			files = (
			);
			runOnlyForDeploymentPostprocessing = 0;
		};
		D629654D1C95A66F00569FBE /* Frameworks */ = {
			isa = PBXFrameworksBuildPhase;
			buildActionMask = 2147483647;
			files = (
			);
			runOnlyForDeploymentPostprocessing = 0;
		};
/* End PBXFrameworksBuildPhase section */

/* Begin PBXGroup section */
		D629652E1C95A66F00569FBE = {
			isa = PBXGroup;
			children = (
				D62965391C95A66F00569FBE /* MCDemo */,
				D62965531C95A66F00569FBE /* MCDemoTests */,
				D62965381C95A66F00569FBE /* Products */,
			);
			sourceTree = "<group>";
		};
		D62965381C95A66F00569FBE /* Products */ = {
			isa = PBXGroup;
			children = (
				D62965371C95A66F00569FBE /* MCDemo.app */,
				D62965501C95A66F00569FBE /* MCDemoTests.xctest */,
			);
			name = Products;
			sourceTree = "<group>";
		};
		D62965391C95A66F00569FBE /* MCDemo */ = {
			isa = PBXGroup;
			children = (
				D629653E1C95A66F00569FBE /* AppDelegate.h */,
				D629653F1C95A66F00569FBE /* AppDelegate.m */,
				D62965411C95A66F00569FBE /* ViewController.h */,
				D62965421C95A66F00569FBE /* ViewController.m */,
				D62965441C95A66F00569FBE /* Main.storyboard */,
				D62965471C95A66F00569FBE /* Images.xcassets */,
				D62965491C95A66F00569FBE /* LaunchScreen.xib */,
				D629653A1C95A66F00569FBE /* Supporting Files */,
			);
			path = MCDemo;
			sourceTree = "<group>";
		};
		D629653A1C95A66F00569FBE /* Supporting Files */ = {
			isa = PBXGroup;
			children = (
				D629653B1C95A66F00569FBE /* Info.plist */,
				D629653C1C95A66F00569FBE /* main.m */,
			);
			name = "Supporting Files";
			sourceTree = "<group>";
		};
		D62965531C95A66F00569FBE /* MCDemoTests */ = {
			isa = PBXGroup;
			children = (
				D62965561C95A66F00569FBE /* MCDemoTests.m */,
				D62965541C95A66F00569FBE /* Supporting Files */,
			);
			path = MCDemoTests;
			sourceTree = "<group>";
		};
		D62965541C95A66F00569FBE /* Supporting Files */ = {
			isa = PBXGroup;
			children = (
				D62965551C95A66F00569FBE /* Info.plist */,
			);
			name = "Supporting Files";
			sourceTree = "<group>";
		};
/* End PBXGroup section */

/* Begin PBXNativeTarget section */
		D62965361C95A66F00569FBE /* MCDemo */ = {
			isa = PBXNativeTarget;
			buildConfigurationList = D629655A1C95A66F00569FBE /* Build configuration list for PBXNativeTarget "MCDemo" */;
			buildPhases = (
				D62965331C95A66F00569FBE /* Sources */,
				D62965341C95A66F00569FBE /* Frameworks */,
				D62965351C95A66F00569FBE /* Resources */,
			);
			buildRules = (
			);
			dependencies = (
			);
			name = MCDemo;
			productName = MCDemo;
			productReference = D62965371C95A66F00569FBE /* MCDemo.app */;
			productType = "com.apple.product-type.application";
		};
		D629654F1C95A66F00569FBE /* MCDemoTests */ = {
			isa = PBXNativeTarget;
			buildConfigurationList = D629655D1C95A66F00569FBE /* Build configuration list for PBXNativeTarget "MCDemoTests" */;
			buildPhases = (
				D629654C1C95A66F00569FBE /* Sources */,
				D629654D1C95A66F00569FBE /* Frameworks */,
				D629654E1C95A66F00569FBE /* Resources */,
			);
			buildRules = (
			);
			dependencies = (
				D62965521C95A66F00569FBE /* PBXTargetDependency */,
			);
			name = MCDemoTests;
			productName = MCDemoTests;
			productReference = D62965501C95A66F00569FBE /* MCDemoTests.xctest */;
			productType = "com.apple.product-type.bundle.unit-test";
		};
/* End PBXNativeTarget section */

/* Begin PBXProject section */
		D629652F1C95A66F00569FBE /* Project object */ = {
			isa = PBXProject;
			attributes = {
				LastUpgradeCheck = 0630;
				ORGANIZATIONNAME = 1000phone;
				TargetAttributes = {
					D62965361C95A66F00569FBE = {
						CreatedOnToolsVersion = 6.3;
					};
					D629654F1C95A66F00569FBE = {
						CreatedOnToolsVersion = 6.3;
						TestTargetID = D62965361C95A66F00569FBE;
					};
				};
			};
			buildConfigurationList = D62965321C95A66F00569FBE /* Build configuration list for PBXProject "MCDemo" */;
			compatibilityVersion = "Xcode 3.2";
			developmentRegion = English;
			hasScannedForEncodings = 0;
			knownRegions = (
				en,
				Base,
			);
			mainGroup = D629652E1C95A66F00569FBE;
			productRefGroup = D62965381C95A66F00569FBE /* Products */;
			projectDirPath = "";
			projectRoot = "";
			targets = (
				D62965361C95A66F00569FBE /* MCDemo */,
				D629654F1C95A66F00569FBE /* MCDemoTests */,
			);
		};
/* End PBXProject section */

/* Begin PBXResourcesBuildPhase section */
		D62965351C95A66F00569FBE /* Resources */ = {
			isa = PBXResourcesBuildPhase;
			buildActionMask = 2147483647;
			files = (
				D62965461C95A66F00569FBE /* Main.storyboard in Resources */,
				D629654B1C95A66F00569FBE /* LaunchScreen.xib in Resources */,
				D62965481C95A66F00569FBE /* Images.xcassets in Resources */,
			);
			runOnlyForDeploymentPostprocessing = 0;
		};
		D629654E1C95A66F00569FBE /* Resources */ = {
			isa = PBXResourcesBuildPhase;
			buildActionMask = 2147483647;
			files = (
			);
			runOnlyForDeploymentPostprocessing = 0;
		};
/* End PBXResourcesBuildPhase section */

/* Begin PBXSourcesBuildPhase section */
		D62965331C95A66F00569FBE /* Sources */ = {
			isa = PBXSourcesBuildPhase;
			buildActionMask = 2147483647;
			files = (
				D62965431C95A66F00569FBE /* ViewController.m in Sources */,
				D62965401C95A66F00569FBE /* AppDelegate.m in Sources */,
				D629653D1C95A66F00569FBE /* main.m in Sources */,
			);
			runOnlyForDeploymentPostprocessing = 0;
		};
		D629654C1C95A66F00569FBE /* Sources */ = {
			isa = PBXSourcesBuildPhase;
			buildActionMask = 2147483647;
			files = (
				D62965571C95A66F00569FBE /* MCDemoTests.m in Sources */,
			);
			runOnlyForDeploymentPostprocessing = 0;
		};
/* End PBXSourcesBuildPhase section */

/* Begin PBXTargetDependency section */
		D62965521C95A66F00569FBE /* PBXTargetDependency */ = {
			isa = PBXTargetDependency;
			target = D62965361C95A66F00569FBE /* MCDemo */;
			targetProxy = D62965511C95A66F00569FBE /* PBXContainerItemProxy */;
		};
/* End PBXTargetDependency section */

/* Begin PBXVariantGroup section */
		D62965441C95A66F00569FBE /* Main.storyboard */ = {
			isa = PBXVariantGroup;
			children = (
				D62965451C95A66F00569FBE /* Base */,
			);
			name = Main.storyboard;
			sourceTree = "<group>";
		};
		D62965491C95A66F00569FBE /* LaunchScreen.xib */ = {
			isa = PBXVariantGroup;
			children = (
				D629654A1C95A66F00569FBE /* Base */,
			);
			name = LaunchScreen.xib;
			sourceTree = "<group>";
		};
/* End PBXVariantGroup section */

/* Begin XCBuildConfiguration section */
		D62965581C95A66F00569FBE /* Debug */ = {
			isa = XCBuildConfiguration;
			buildSettings = {
				ALWAYS_SEARCH_USER_PATHS = NO;
				CLANG_CXX_LANGUAGE_STANDARD = "gnu++0x";
				CLANG_CXX_LIBRARY = "libc++";
				CLANG_ENABLE_MODULES = YES;
				CLANG_ENABLE_OBJC_ARC = YES;
				CLANG_WARN_BOOL_CONVERSION = YES;
				CLANG_WARN_CONSTANT_CONVERSION = YES;
				CLANG_WARN_DIRECT_OBJC_ISA_USAGE = YES_ERROR;
				CLANG_WARN_EMPTY_BODY = YES;
				CLANG_WARN_ENUM_CONVERSION = YES;
				CLANG_WARN_INT_CONVERSION = YES;
				CLANG_WARN_OBJC_ROOT_CLASS = YES_ERROR;
				CLANG_WARN_UNREACHABLE_CODE = YES;
				CLANG_WARN__DUPLICATE_METHOD_MATCH = YES;
				"CODE_SIGN_IDENTITY[sdk=iphoneos*]" = "iPhone Developer";
				COPY_PHASE_STRIP = NO;
				DEBUG_INFORMATION_FORMAT = "dwarf-with-dsym";
				ENABLE_STRICT_OBJC_MSGSEND = YES;
				GCC_C_LANGUAGE_STANDARD = gnu99;
				GCC_DYNAMIC_NO_PIC = NO;
				GCC_NO_COMMON_BLOCKS = YES;
				GCC_OPTIMIZATION_LEVEL = 0;
				GCC_PREPROCESSOR_DEFINITIONS = (
					"DEBUG=1",
					"$(inherited)",
				);
				GCC_SYMBOLS_PRIVATE_EXTERN = NO;
				GCC_WARN_64_TO_32_BIT_CONVERSION = YES;
				GCC_WARN_ABOUT_RETURN_TYPE = YES_ERROR;
				GCC_WARN_UNDECLARED_SELECTOR = YES;
				GCC_WARN_UNINITIALIZED_AUTOS = YES_AGGRESSIVE;
				GCC_WARN_UNUSED_FUNCTION = YES;
				GCC_WARN_UNUSED_VARIABLE = YES;
				IPHONEOS_DEPLOYMENT_TARGET = 8.3;
				MTL_ENABLE_DEBUG_INFO = YES;
				ONLY_ACTIVE_ARCH = YES;
				SDKROOT = iphoneos;
			};
			name = Debug;
		};
		D62965591C95A66F00569FBE /* Release */ = {
			isa = XCBuildConfiguration;
			buildSettings = {
				ALWAYS_SEARCH_USER_PATHS = NO;
				CLANG_CXX_LANGUAGE_STANDARD = "gnu++0x";
				CLANG_CXX_LIBRARY = "libc++";
				CLANG_ENABLE_MODULES = YES;
				CLANG_ENABLE_OBJC_ARC = YES;
				CLANG_WARN_BOOL_CONVERSION = YES;
				CLANG_WARN_CONSTANT_CONVERSION = YES;
				CLANG_WARN_DIRECT_OBJC_ISA_USAGE = YES_ERROR;
				CLANG_WARN_EMPTY_BODY = YES;
				CLANG_WARN_ENUM_CONVERSION = YES;
				CLANG_WARN_INT_CONVERSION = YES;
				CLANG_WARN_OBJC_ROOT_CLASS = YES_ERROR;
				CLANG_WARN_UNREACHABLE_CODE = YES;
				CLANG_WARN__DUPLICATE_METHOD_MATCH = YES;
				"CODE_SIGN_IDENTITY[sdk=iphoneos*]" = "iPhone Developer";
				COPY_PHASE_STRIP = NO;
				DEBUG_INFORMATION_FORMAT = "dwarf-with-dsym";
				ENABLE_NS_ASSERTIONS = NO;
				ENABLE_STRICT_OBJC_MSGSEND = YES;
				GCC_C_LANGUAGE_STANDARD = gnu99;
				GCC_NO_COMMON_BLOCKS = YES;
				GCC_WARN_64_TO_32_BIT_CONVERSION = YES;
				GCC_WARN_ABOUT_RETURN_TYPE = YES_ERROR;
				GCC_WARN_UNDECLARED_SELECTOR = YES;
				GCC_WARN_UNINITIALIZED_AUTOS = YES_AGGRESSIVE;
				GCC_WARN_UNUSED_FUNCTION = YES;
				GCC_WARN_UNUSED_VARIABLE = YES;
				IPHONEOS_DEPLOYMENT_TARGET = 8.3;
				MTL_ENABLE_DEBUG_INFO = NO;
				SDKROOT = iphoneos;
				VALIDATE_PRODUCT = YES;
			};
			name = Release;
		};
		D629655B1C95A66F00569FBE /* Debug */ = {
			isa = XCBuildConfiguration;
			buildSettings = {
				ASSETCATALOG_COMPILER_APPICON_NAME = AppIcon;
				INFOPLIST_FILE = MCDemo/Info.plist;
				LD_RUNPATH_SEARCH_PATHS = "$(inherited) @executable_path/Frameworks";
				PRODUCT_NAME = "$(TARGET_NAME)";
			};
			name = Debug;
		};
		D629655C1C95A66F00569FBE /* Release */ = {
			isa = XCBuildConfiguration;
			buildSettings = {
				ASSETCATALOG_COMPILER_APPICON_NAME = AppIcon;
				INFOPLIST_FILE = MCDemo/Info.plist;
				LD_RUNPATH_SEARCH_PATHS = "$(inherited) @executable_path/Frameworks";
				PRODUCT_NAME = "$(TARGET_NAME)";
			};
			name = Release;
		};
		D629655E1C95A66F00569FBE /* Debug */ = {
			isa = XCBuildConfiguration;
			buildSettings = {
				BUNDLE_LOADER = "$(TEST_HOST)";
				FRAMEWORK_SEARCH_PATHS = (
					"$(SDKROOT)/Developer/Library/Frameworks",
					"$(inherited)",
				);
				GCC_PREPROCESSOR_DEFINITIONS = (
					"DEBUG=1",
					"$(inherited)",
				);
				INFOPLIST_FILE = MCDemoTests/Info.plist;
				LD_RUNPATH_SEARCH_PATHS = "$(inherited) @executable_path/Frameworks @loader_path/Frameworks";
				PRODUCT_NAME = "$(TARGET_NAME)";
				TEST_HOST = "$(BUILT_PRODUCTS_DIR)/MCDemo.app/MCDemo";
			};
			name = Debug;
		};
		D629655F1C95A66F00569FBE /* Release */ = {
			isa = XCBuildConfiguration;
			buildSettings = {
				BUNDLE_LOADER = "$(TEST_HOST)";
				FRAMEWORK_SEARCH_PATHS = (
					"$(SDKROOT)/Developer/Library/Frameworks",
					"$(inherited)",
				);
				INFOPLIST_FILE = MCDemoTests/Info.plist;
				LD_RUNPATH_SEARCH_PATHS = "$(inherited) @executable_path/Frameworks @loader_path/Frameworks";
				PRODUCT_NAME = "$(TARGET_NAME)";
				TEST_HOST = "$(BUILT_PRODUCTS_DIR)/MCDemo.app/MCDemo";
			};
			name = Release;
		};
/* End XCBuildConfiguration section */

/* Begin XCConfigurationList section */
		D62965321C95A66F00569FBE /* Build configuration list for PBXProject "MCDemo" */ = {
			isa = XCConfigurationList;
			buildConfigurations = (
				D62965581C95A66F00569FBE /* Debug */,
				D62965591C95A66F00569FBE /* Release */,
			);
			defaultConfigurationIsVisible = 0;
			defaultConfigurationName = Release;
		};
		D629655A1C95A66F00569FBE /* Build configuration list for PBXNativeTarget "MCDemo" */ = {
			isa = XCConfigurationList;
			buildConfigurations = (
				D629655B1C95A66F00569FBE /* Debug */,
				D629655C1C95A66F00569FBE /* Release */,
			);
			defaultConfigurationIsVisible = 0;
		};
		D629655D1C95A66F00569FBE /* Build configuration list for PBXNativeTarget "MCDemoTests" */ = {
			isa = XCConfigurationList;
			buildConfigurations = (
				D629655E1C95A66F00569FBE /* Debug */,
				D629655F1C95A66F00569FBE /* Release */,
			);
			defaultConfigurationIsVisible = 0;
		};
/* End XCConfigurationList section */
	};
	rootObject = D629652F1C95A66F00569FBE /* Project object */;
}
